
Microsoft Visual Studio Solution File, Format Version 12.00
# Visual Studio Version 17
VisualStudioVersion = 17.5.33530.505
MinimumVisualStudioVersion = 10.0.40219.1
Project("{FAE04EC0-301F-11D3-BF4B-00C04F79EFBC}") = "GenericMemCache.ConsoleApp", "GenericMemCache.ConsoleApp\GenericMemCache.ConsoleApp.csproj", "{3BC7834B-93F8-4C57-B418-F0E8B0619170}"
EndProject
Global
	GlobalSection(SolutionConfigurationPlatforms) = preSolution
		Debug|Any CPU = Debug|Any CPU
		Release|Any CPU = Release|Any CPU
	EndGlobalSection
	GlobalSection(ProjectConfigurationPlatforms) = postSolution
		{3BC7834B-93F8-4C57-B418-F0E8B0619170}.Debug|Any CPU.ActiveCfg = Debug|Any CPU
		{3BC7834B-93F8-4C57-B418-F0E8B0619170}.Debug|Any CPU.Build.0 = Debug|Any CPU
		{3BC7834B-93F8-4C57-B418-F0E8B0619170}.Release|Any CPU.ActiveCfg = Release|Any CPU
		{3BC7834B-93F8-4C57-B418-F0E8B0619170}.Release|Any CPU.Build.0 = Release|Any CPU
	EndGlobalSection
	GlobalSection(SolutionProperties) = preSolution
		HideSolutionNode = FALSE
	EndGlobalSection
	GlobalSection(ExtensibilityGlobals) = postSolution
		SolutionGuid = {D9F3CDCD-5350-411B-847C-23E0F61F0840}
	EndGlobalSection
EndGlobal
